
Microsoft Visual Studio Solution File, Format Version 12.00
# Visual Studio Version 17
VisualStudioVersion = 17.4.33122.133
MinimumVisualStudioVersion = 10.0.40219.1
Project("{FAE04EC0-301F-11D3-BF4B-00C04F79EFBC}") = "WebApplication_B", "WebApplication_B\WebApplication_B.csproj", "{76434E5D-6DB9-44F5-B67D-DC7D63EB4E40}"
EndProject
Global
	GlobalSection(SolutionConfigurationPlatforms) = preSolution
		Debug|Any CPU = Debug|Any CPU
		Release|Any CPU = Release|Any CPU
	EndGlobalSection
	GlobalSection(ProjectConfigurationPlatforms) = postSolution
		{76434E5D-6DB9-44F5-B67D-DC7D63EB4E40}.Debug|Any CPU.ActiveCfg = Debug|Any CPU
		{76434E5D-6DB9-44F5-B67D-DC7D63EB4E40}.Debug|Any CPU.Build.0 = Debug|Any CPU
		{76434E5D-6DB9-44F5-B67D-DC7D63EB4E40}.Release|Any CPU.ActiveCfg = Release|Any CPU
		{76434E5D-6DB9-44F5-B67D-DC7D63EB4E40}.Release|Any CPU.Build.0 = Release|Any CPU
	EndGlobalSection
	GlobalSection(SolutionProperties) = preSolution
		HideSolutionNode = FALSE
	EndGlobalSection
	GlobalSection(ExtensibilityGlobals) = postSolution
		SolutionGuid = {5B38205A-4012-4379-82E4-6075DF4FBCC5}
	EndGlobalSection
EndGlobal
